
Microsoft Visual Studio Solution File, Format Version 12.00
# Visual Studio Version 17
VisualStudioVersion = 17.0.32014.148
MinimumVisualStudioVersion = 10.0.40219.1
Project("{2150E333-8FDC-42A3-9474-1A3956D46DE8}") = "apis", "apis", "{7F2CEF9A-3E89-46A5-8E09-DA7B2416C818}"
EndProject
Project("{FAE04EC0-301F-11D3-BF4B-00C04F79EFBC}") = "Hobo.Todo.Api", "apis\Hobo.Todo.Api\Hobo.Todo.Api.csproj", "{8AFB0A5F-F694-4E4A-97C9-61F5B6AC5BFD}"
EndProject
Project("{2150E333-8FDC-42A3-9474-1A3956D46DE8}") = "tests", "tests", "{44142CC8-4B1D-48F5-812D-A403D6E4EFE8}"
EndProject
Project("{FAE04EC0-301F-11D3-BF4B-00C04F79EFBC}") = "Hobo.Todo.Test", "tests\Hobo.Todo.Test\Hobo.Todo.Test.csproj", "{BAE60D61-8F8B-41B3-9737-DAAEF54B5EF8}"
EndProject
Global
	GlobalSection(SolutionConfigurationPlatforms) = preSolution
		Debug|Any CPU = Debug|Any CPU
		Release|Any CPU = Release|Any CPU
	EndGlobalSection
	GlobalSection(ProjectConfigurationPlatforms) = postSolution
		{8AFB0A5F-F694-4E4A-97C9-61F5B6AC5BFD}.Debug|Any CPU.ActiveCfg = Debug|Any CPU
		{8AFB0A5F-F694-4E4A-97C9-61F5B6AC5BFD}.Debug|Any CPU.Build.0 = Debug|Any CPU
		{8AFB0A5F-F694-4E4A-97C9-61F5B6AC5BFD}.Release|Any CPU.ActiveCfg = Release|Any CPU
		{8AFB0A5F-F694-4E4A-97C9-61F5B6AC5BFD}.Release|Any CPU.Build.0 = Release|Any CPU
		{BAE60D61-8F8B-41B3-9737-DAAEF54B5EF8}.Debug|Any CPU.ActiveCfg = Debug|Any CPU
		{BAE60D61-8F8B-41B3-9737-DAAEF54B5EF8}.Debug|Any CPU.Build.0 = Debug|Any CPU
		{BAE60D61-8F8B-41B3-9737-DAAEF54B5EF8}.Release|Any CPU.ActiveCfg = Release|Any CPU
		{BAE60D61-8F8B-41B3-9737-DAAEF54B5EF8}.Release|Any CPU.Build.0 = Release|Any CPU
	EndGlobalSection
	GlobalSection(SolutionProperties) = preSolution
		HideSolutionNode = FALSE
	EndGlobalSection
	GlobalSection(NestedProjects) = preSolution
		{8AFB0A5F-F694-4E4A-97C9-61F5B6AC5BFD} = {7F2CEF9A-3E89-46A5-8E09-DA7B2416C818}
		{BAE60D61-8F8B-41B3-9737-DAAEF54B5EF8} = {44142CC8-4B1D-48F5-812D-A403D6E4EFE8}
	EndGlobalSection
	GlobalSection(ExtensibilityGlobals) = postSolution
		SolutionGuid = {FBA86C8A-DD51-408D-B17C-97FB88318999}
	EndGlobalSection
EndGlobal
